
Microsoft Visual Studio Solution File, Format Version 12.00
# Visual Studio Version 17
VisualStudioVersion = 17.9.34728.123
MinimumVisualStudioVersion = 10.0.40219.1
Project("{FAE04EC0-301F-11D3-BF4B-00C04F79EFBC}") = "WebApplicationSpec", "WebApplicationSpec\WebApplicationSpec.csproj", "{38E52FD0-7BAD-4520-ACA7-F05A1BECA02D}"
EndProject
Global
	GlobalSection(SolutionConfigurationPlatforms) = preSolution
		Debug|Any CPU = Debug|Any CPU
		Release|Any CPU = Release|Any CPU
	EndGlobalSection
	GlobalSection(ProjectConfigurationPlatforms) = postSolution
		{38E52FD0-7BAD-4520-ACA7-F05A1BECA02D}.Debug|Any CPU.ActiveCfg = Debug|Any CPU
		{38E52FD0-7BAD-4520-ACA7-F05A1BECA02D}.Debug|Any CPU.Build.0 = Debug|Any CPU
		{38E52FD0-7BAD-4520-ACA7-F05A1BECA02D}.Release|Any CPU.ActiveCfg = Release|Any CPU
		{38E52FD0-7BAD-4520-ACA7-F05A1BECA02D}.Release|Any CPU.Build.0 = Release|Any CPU
	EndGlobalSection
	GlobalSection(SolutionProperties) = preSolution
		HideSolutionNode = FALSE
	EndGlobalSection
	GlobalSection(ExtensibilityGlobals) = postSolution
		SolutionGuid = {753BCF19-EE18-4E16-B98C-DA55F3C75E68}
	EndGlobalSection
EndGlobal
